// !$*UTF8*$!
{
	archiveVersion = 1;
	classes = {
	};
	objectVersion = 50;
	objects = {

/* Begin PBXBuildFile section */
		1B1B14342704CFA7004EBAF5 /* MenuItemTopView.swift in Sources */ = {isa = PBXBuildFile; fileRef = 1B1B14332704CFA7004EBAF5 /* MenuItemTopView.swift */; };
		1B2998972702044200DDEE05 /* MenuItemViewController.swift in Sources */ = {isa = PBXBuildFile; fileRef = 1B2998962702044200DDEE05 /* MenuItemViewController.swift */; };
		1B45699C270679FE009A3FA3 /* IngredientsView.swift in Sources */ = {isa = PBXBuildFile; fileRef = 1B45699B270679FE009A3FA3 /* IngredientsView.swift */; };
		1B45699E27067A35009A3FA3 /* PairingsView.swift in Sources */ = {isa = PBXBuildFile; fileRef = 1B45699D27067A35009A3FA3 /* PairingsView.swift */; };
		1B54CB0426F3B59300C60BD2 /* BannerView.swift in Sources */ = {isa = PBXBuildFile; fileRef = 1B54CB0326F3B59300C60BD2 /* BannerView.swift */; };
		1B5AB86426F3FC2A006FEC90 /* ItemCell.swift in Sources */ = {isa = PBXBuildFile; fileRef = 1B5AB86326F3FC2A006FEC90 /* ItemCell.swift */; };
		1B741BC62702F83C00C37F64 /* MenuItemButton.swift in Sources */ = {isa = PBXBuildFile; fileRef = 1B741BC52702F83C00C37F64 /* MenuItemButton.swift */; };
		1BCA93AD26F93216001A5229 /* MenuTableHeaderView.swift in Sources */ = {isa = PBXBuildFile; fileRef = 1BCA93AC26F93216001A5229 /* MenuTableHeaderView.swift */; };
		2C4E1A0726EABFB90085487A /* Menu.swift in Sources */ = {isa = PBXBuildFile; fileRef = 2C4E1A0626EABFB90085487A /* Menu.swift */; };
		2C4E1A0F26EAD1C70085487A /* Drink.swift in Sources */ = {isa = PBXBuildFile; fileRef = 2C4E1A0E26EAD1C70085487A /* Drink.swift */; };
		2C4E1A1126EAD1CE0085487A /* Food.swift in Sources */ = {isa = PBXBuildFile; fileRef = 2C4E1A1026EAD1CE0085487A /* Food.swift */; };
		2C4E1A1326EAD1DA0085487A /* Merch.swift in Sources */ = {isa = PBXBuildFile; fileRef = 2C4E1A1226EAD1DA0085487A /* Merch.swift */; };
		2C4E1A1526EAD1E30085487A /* MiscItem.swift in Sources */ = {isa = PBXBuildFile; fileRef = 2C4E1A1426EAD1E30085487A /* MiscItem.swift */; };
		F369D19026A4CC6A0099CE19 /* AppDelegate.swift in Sources */ = {isa = PBXBuildFile; fileRef = F369D18F26A4CC6A0099CE19 /* AppDelegate.swift */; };
		F369D19226A4CC6A0099CE19 /* SceneDelegate.swift in Sources */ = {isa = PBXBuildFile; fileRef = F369D19126A4CC6A0099CE19 /* SceneDelegate.swift */; };
		F369D19926A4CC6B0099CE19 /* Assets.xcassets in Resources */ = {isa = PBXBuildFile; fileRef = F369D19826A4CC6B0099CE19 /* Assets.xcassets */; };
		F369D19C26A4CC6B0099CE19 /* LaunchScreen.storyboard in Resources */ = {isa = PBXBuildFile; fileRef = F369D19A26A4CC6B0099CE19 /* LaunchScreen.storyboard */; };
		F3A3738726EF072F00718F1D /* MenuViewController.swift in Sources */ = {isa = PBXBuildFile; fileRef = F3A3738626EF072F00718F1D /* MenuViewController.swift */; };
/* End PBXBuildFile section */

/* Begin PBXFileReference section */
		1B1B14332704CFA7004EBAF5 /* MenuItemTopView.swift */ = {isa = PBXFileReference; lastKnownFileType = sourcecode.swift; path = MenuItemTopView.swift; sourceTree = "<group>"; };
		1B2998962702044200DDEE05 /* MenuItemViewController.swift */ = {isa = PBXFileReference; lastKnownFileType = sourcecode.swift; path = MenuItemViewController.swift; sourceTree = "<group>"; };
		1B45699B270679FE009A3FA3 /* IngredientsView.swift */ = {isa = PBXFileReference; lastKnownFileType = sourcecode.swift; path = IngredientsView.swift; sourceTree = "<group>"; };
		1B45699D27067A35009A3FA3 /* PairingsView.swift */ = {isa = PBXFileReference; lastKnownFileType = sourcecode.swift; path = PairingsView.swift; sourceTree = "<group>"; };
		1B54CB0326F3B59300C60BD2 /* BannerView.swift */ = {isa = PBXFileReference; lastKnownFileType = sourcecode.swift; path = BannerView.swift; sourceTree = "<group>"; };
		1B5AB86326F3FC2A006FEC90 /* ItemCell.swift */ = {isa = PBXFileReference; lastKnownFileType = sourcecode.swift; path = ItemCell.swift; sourceTree = "<group>"; };
		1B741BC52702F83C00C37F64 /* MenuItemButton.swift */ = {isa = PBXFileReference; lastKnownFileType = sourcecode.swift; path = MenuItemButton.swift; sourceTree = "<group>"; };
		1BCA93AC26F93216001A5229 /* MenuTableHeaderView.swift */ = {isa = PBXFileReference; lastKnownFileType = sourcecode.swift; path = MenuTableHeaderView.swift; sourceTree = "<group>"; };
		2C4E1A0626EABFB90085487A /* Menu.swift */ = {isa = PBXFileReference; lastKnownFileType = sourcecode.swift; path = Menu.swift; sourceTree = "<group>"; };
		2C4E1A0E26EAD1C70085487A /* Drink.swift */ = {isa = PBXFileReference; lastKnownFileType = sourcecode.swift; path = Drink.swift; sourceTree = "<group>"; };
		2C4E1A1026EAD1CE0085487A /* Food.swift */ = {isa = PBXFileReference; lastKnownFileType = sourcecode.swift; path = Food.swift; sourceTree = "<group>"; };
		2C4E1A1226EAD1DA0085487A /* Merch.swift */ = {isa = PBXFileReference; lastKnownFileType = sourcecode.swift; path = Merch.swift; sourceTree = "<group>"; };
		2C4E1A1426EAD1E30085487A /* MiscItem.swift */ = {isa = PBXFileReference; lastKnownFileType = sourcecode.swift; path = MiscItem.swift; sourceTree = "<group>"; };
		F369D18C26A4CC6A0099CE19 /* CafeApp.app */ = {isa = PBXFileReference; explicitFileType = wrapper.application; includeInIndex = 0; path = CafeApp.app; sourceTree = BUILT_PRODUCTS_DIR; };
		F369D18F26A4CC6A0099CE19 /* AppDelegate.swift */ = {isa = PBXFileReference; lastKnownFileType = sourcecode.swift; path = AppDelegate.swift; sourceTree = "<group>"; };
		F369D19126A4CC6A0099CE19 /* SceneDelegate.swift */ = {isa = PBXFileReference; lastKnownFileType = sourcecode.swift; path = SceneDelegate.swift; sourceTree = "<group>"; };
		F369D19826A4CC6B0099CE19 /* Assets.xcassets */ = {isa = PBXFileReference; lastKnownFileType = folder.assetcatalog; path = Assets.xcassets; sourceTree = "<group>"; };
		F369D19B26A4CC6B0099CE19 /* Base */ = {isa = PBXFileReference; lastKnownFileType = file.storyboard; name = Base; path = Base.lproj/LaunchScreen.storyboard; sourceTree = "<group>"; };
		F369D19D26A4CC6B0099CE19 /* Info.plist */ = {isa = PBXFileReference; lastKnownFileType = text.plist.xml; path = Info.plist; sourceTree = "<group>"; };
		F3A3738626EF072F00718F1D /* MenuViewController.swift */ = {isa = PBXFileReference; lastKnownFileType = sourcecode.swift; path = MenuViewController.swift; sourceTree = "<group>"; };
/* End PBXFileReference section */

/* Begin PBXFrameworksBuildPhase section */
		F369D18926A4CC6A0099CE19 /* Frameworks */ = {
			isa = PBXFrameworksBuildPhase;
			buildActionMask = 2147483647;
			files = (
			);
			runOnlyForDeploymentPostprocessing = 0;
		};
/* End PBXFrameworksBuildPhase section */

/* Begin PBXGroup section */
		2C5817EB26EABDDC009A920C /* Views */ = {
			isa = PBXGroup;
			children = (
				1B54CB0326F3B59300C60BD2 /* BannerView.swift */,
				1BCA93AC26F93216001A5229 /* MenuTableHeaderView.swift */,
				1B5AB86326F3FC2A006FEC90 /* ItemCell.swift */,
				1B741BC52702F83C00C37F64 /* MenuItemButton.swift */,
				1B1B14332704CFA7004EBAF5 /* MenuItemTopView.swift */,
				1B45699B270679FE009A3FA3 /* IngredientsView.swift */,
				1B45699D27067A35009A3FA3 /* PairingsView.swift */,
			);
			path = Views;
			sourceTree = "<group>";
		};
		2C5817EC26EABDE2009A920C /* Models */ = {
			isa = PBXGroup;
			children = (
				2C4E1A0626EABFB90085487A /* Menu.swift */,
				2C4E1A0E26EAD1C70085487A /* Drink.swift */,
				2C4E1A1026EAD1CE0085487A /* Food.swift */,
				2C4E1A1226EAD1DA0085487A /* Merch.swift */,
				2C4E1A1426EAD1E30085487A /* MiscItem.swift */,
			);
			path = Models;
			sourceTree = "<group>";
		};
		2C5817ED26EABDE7009A920C /* Controllers */ = {
			isa = PBXGroup;
			children = (
				F3A3738626EF072F00718F1D /* MenuViewController.swift */,
				1B2998962702044200DDEE05 /* MenuItemViewController.swift */,
			);
			path = Controllers;
			sourceTree = "<group>";
		};
		F369D18326A4CC6A0099CE19 = {
			isa = PBXGroup;
			children = (
				F369D18E26A4CC6A0099CE19 /* CafeApp */,
				F369D18D26A4CC6A0099CE19 /* Products */,
			);
			sourceTree = "<group>";
		};
		F369D18D26A4CC6A0099CE19 /* Products */ = {
			isa = PBXGroup;
			children = (
				F369D18C26A4CC6A0099CE19 /* CafeApp.app */,
			);
			name = Products;
			sourceTree = "<group>";
		};
		F369D18E26A4CC6A0099CE19 /* CafeApp */ = {
			isa = PBXGroup;
			children = (
				2C5817EC26EABDE2009A920C /* Models */,
				2C5817EB26EABDDC009A920C /* Views */,
				2C5817ED26EABDE7009A920C /* Controllers */,
				F369D18F26A4CC6A0099CE19 /* AppDelegate.swift */,
				F369D19126A4CC6A0099CE19 /* SceneDelegate.swift */,
				F369D19826A4CC6B0099CE19 /* Assets.xcassets */,
				F369D19A26A4CC6B0099CE19 /* LaunchScreen.storyboard */,
				F369D19D26A4CC6B0099CE19 /* Info.plist */,
			);
			path = CafeApp;
			sourceTree = "<group>";
		};
/* End PBXGroup section */

/* Begin PBXNativeTarget section */
		F369D18B26A4CC6A0099CE19 /* CafeApp */ = {
			isa = PBXNativeTarget;
			buildConfigurationList = F369D1A026A4CC6B0099CE19 /* Build configuration list for PBXNativeTarget "CafeApp" */;
			buildPhases = (
				F369D18826A4CC6A0099CE19 /* Sources */,
				F369D18926A4CC6A0099CE19 /* Frameworks */,
				F369D18A26A4CC6A0099CE19 /* Resources */,
			);
			buildRules = (
			);
			dependencies = (
			);
			name = CafeApp;
			productName = CafeApp;
			productReference = F369D18C26A4CC6A0099CE19 /* CafeApp.app */;
			productType = "com.apple.product-type.application";
		};
/* End PBXNativeTarget section */

/* Begin PBXProject section */
		F369D18426A4CC6A0099CE19 /* Project object */ = {
			isa = PBXProject;
			attributes = {
				LastSwiftUpdateCheck = 1250;
				LastUpgradeCheck = 1250;
				TargetAttributes = {
					F369D18B26A4CC6A0099CE19 = {
						CreatedOnToolsVersion = 12.5.1;
					};
				};
			};
			buildConfigurationList = F369D18726A4CC6A0099CE19 /* Build configuration list for PBXProject "CafeApp" */;
			compatibilityVersion = "Xcode 9.3";
			developmentRegion = en;
			hasScannedForEncodings = 0;
			knownRegions = (
				en,
				Base,
			);
			mainGroup = F369D18326A4CC6A0099CE19;
			productRefGroup = F369D18D26A4CC6A0099CE19 /* Products */;
			projectDirPath = "";
			projectRoot = "";
			targets = (
				F369D18B26A4CC6A0099CE19 /* CafeApp */,
			);
		};
/* End PBXProject section */

/* Begin PBXResourcesBuildPhase section */
		F369D18A26A4CC6A0099CE19 /* Resources */ = {
			isa = PBXResourcesBuildPhase;
			buildActionMask = 2147483647;
			files = (
				F369D19C26A4CC6B0099CE19 /* LaunchScreen.storyboard in Resources */,
				F369D19926A4CC6B0099CE19 /* Assets.xcassets in Resources */,
			);
			runOnlyForDeploymentPostprocessing = 0;
		};
/* End PBXResourcesBuildPhase section */

/* Begin PBXSourcesBuildPhase section */
		F369D18826A4CC6A0099CE19 /* Sources */ = {
			isa = PBXSourcesBuildPhase;
			buildActionMask = 2147483647;
			files = (
				1B1B14342704CFA7004EBAF5 /* MenuItemTopView.swift in Sources */,
				1B45699C270679FE009A3FA3 /* IngredientsView.swift in Sources */,
				F369D19026A4CC6A0099CE19 /* AppDelegate.swift in Sources */,
				1B2998972702044200DDEE05 /* MenuItemViewController.swift in Sources */,
				2C4E1A1326EAD1DA0085487A /* Merch.swift in Sources */,
				1B45699E27067A35009A3FA3 /* PairingsView.swift in Sources */,
				F3A3738726EF072F00718F1D /* MenuViewController.swift in Sources */,
				2C4E1A1526EAD1E30085487A /* MiscItem.swift in Sources */,
				1BCA93AD26F93216001A5229 /* MenuTableHeaderView.swift in Sources */,
				1B741BC62702F83C00C37F64 /* MenuItemButton.swift in Sources */,
				1B5AB86426F3FC2A006FEC90 /* ItemCell.swift in Sources */,
				2C4E1A1126EAD1CE0085487A /* Food.swift in Sources */,
				2C4E1A0726EABFB90085487A /* Menu.swift in Sources */,
				1B54CB0426F3B59300C60BD2 /* BannerView.swift in Sources */,
				2C4E1A0F26EAD1C70085487A /* Drink.swift in Sources */,
				F369D19226A4CC6A0099CE19 /* SceneDelegate.swift in Sources */,
			);
			runOnlyForDeploymentPostprocessing = 0;
		};
/* End PBXSourcesBuildPhase section */

/* Begin PBXVariantGroup section */
		F369D19A26A4CC6B0099CE19 /* LaunchScreen.storyboard */ = {
			isa = PBXVariantGroup;
			children = (
				F369D19B26A4CC6B0099CE19 /* Base */,
			);
			name = LaunchScreen.storyboard;
			sourceTree = "<group>";
		};
/* End PBXVariantGroup section */

/* Begin XCBuildConfiguration section */
		F369D19E26A4CC6B0099CE19 /* Debug */ = {
			isa = XCBuildConfiguration;
			buildSettings = {
				ALWAYS_SEARCH_USER_PATHS = NO;
				CLANG_ANALYZER_NONNULL = YES;
				CLANG_ANALYZER_NUMBER_OBJECT_CONVERSION = YES_AGGRESSIVE;
				CLANG_CXX_LANGUAGE_STANDARD = "gnu++14";
				CLANG_CXX_LIBRARY = "libc++";
				CLANG_ENABLE_MODULES = YES;
				CLANG_ENABLE_OBJC_ARC = YES;
				CLANG_ENABLE_OBJC_WEAK = YES;
				CLANG_WARN_BLOCK_CAPTURE_AUTORELEASING = YES;
				CLANG_WARN_BOOL_CONVERSION = YES;
				CLANG_WARN_COMMA = YES;
				CLANG_WARN_CONSTANT_CONVERSION = YES;
				CLANG_WARN_DEPRECATED_OBJC_IMPLEMENTATIONS = YES;
				CLANG_WARN_DIRECT_OBJC_ISA_USAGE = YES_ERROR;
				CLANG_WARN_DOCUMENTATION_COMMENTS = YES;
				CLANG_WARN_EMPTY_BODY = YES;
				CLANG_WARN_ENUM_CONVERSION = YES;
				CLANG_WARN_INFINITE_RECURSION = YES;
				CLANG_WARN_INT_CONVERSION = YES;
				CLANG_WARN_NON_LITERAL_NULL_CONVERSION = YES;
				CLANG_WARN_OBJC_IMPLICIT_RETAIN_SELF = YES;
				CLANG_WARN_OBJC_LITERAL_CONVERSION = YES;
				CLANG_WARN_OBJC_ROOT_CLASS = YES_ERROR;
				CLANG_WARN_QUOTED_INCLUDE_IN_FRAMEWORK_HEADER = YES;
				CLANG_WARN_RANGE_LOOP_ANALYSIS = YES;
				CLANG_WARN_STRICT_PROTOTYPES = YES;
				CLANG_WARN_SUSPICIOUS_MOVE = YES;
				CLANG_WARN_UNGUARDED_AVAILABILITY = YES_AGGRESSIVE;
				CLANG_WARN_UNREACHABLE_CODE = YES;
				CLANG_WARN__DUPLICATE_METHOD_MATCH = YES;
				COPY_PHASE_STRIP = NO;
				DEBUG_INFORMATION_FORMAT = dwarf;
				ENABLE_STRICT_OBJC_MSGSEND = YES;
				ENABLE_TESTABILITY = YES;
				GCC_C_LANGUAGE_STANDARD = gnu11;
				GCC_DYNAMIC_NO_PIC = NO;
				GCC_NO_COMMON_BLOCKS = YES;
				GCC_OPTIMIZATION_LEVEL = 0;
				GCC_PREPROCESSOR_DEFINITIONS = (
					"DEBUG=1",
					"$(inherited)",
				);
				GCC_WARN_64_TO_32_BIT_CONVERSION = YES;
				GCC_WARN_ABOUT_RETURN_TYPE = YES_ERROR;
				GCC_WARN_UNDECLARED_SELECTOR = YES;
				GCC_WARN_UNINITIALIZED_AUTOS = YES_AGGRESSIVE;
				GCC_WARN_UNUSED_FUNCTION = YES;
				GCC_WARN_UNUSED_VARIABLE = YES;
				IPHONEOS_DEPLOYMENT_TARGET = 14.5;
				MTL_ENABLE_DEBUG_INFO = INCLUDE_SOURCE;
				MTL_FAST_MATH = YES;
				ONLY_ACTIVE_ARCH = YES;
				SDKROOT = iphoneos;
				SWIFT_ACTIVE_COMPILATION_CONDITIONS = DEBUG;
				SWIFT_OPTIMIZATION_LEVEL = "-Onone";
			};
			name = Debug;
		};
		F369D19F26A4CC6B0099CE19 /* Release */ = {
			isa = XCBuildConfiguration;
			buildSettings = {
				ALWAYS_SEARCH_USER_PATHS = NO;
				CLANG_ANALYZER_NONNULL = YES;
				CLANG_ANALYZER_NUMBER_OBJECT_CONVERSION = YES_AGGRESSIVE;
				CLANG_CXX_LANGUAGE_STANDARD = "gnu++14";
				CLANG_CXX_LIBRARY = "libc++";
				CLANG_ENABLE_MODULES = YES;
				CLANG_ENABLE_OBJC_ARC = YES;
				CLANG_ENABLE_OBJC_WEAK = YES;
				CLANG_WARN_BLOCK_CAPTURE_AUTORELEASING = YES;
				CLANG_WARN_BOOL_CONVERSION = YES;
				CLANG_WARN_COMMA = YES;
				CLANG_WARN_CONSTANT_CONVERSION = YES;
				CLANG_WARN_DEPRECATED_OBJC_IMPLEMENTATIONS = YES;
				CLANG_WARN_DIRECT_OBJC_ISA_USAGE = YES_ERROR;
				CLANG_WARN_DOCUMENTATION_COMMENTS = YES;
				CLANG_WARN_EMPTY_BODY = YES;
				CLANG_WARN_ENUM_CONVERSION = YES;
				CLANG_WARN_INFINITE_RECURSION = YES;
				CLANG_WARN_INT_CONVERSION = YES;
				CLANG_WARN_NON_LITERAL_NULL_CONVERSION = YES;
				CLANG_WARN_OBJC_IMPLICIT_RETAIN_SELF = YES;
				CLANG_WARN_OBJC_LITERAL_CONVERSION = YES;
				CLANG_WARN_OBJC_ROOT_CLASS = YES_ERROR;
				CLANG_WARN_QUOTED_INCLUDE_IN_FRAMEWORK_HEADER = YES;
				CLANG_WARN_RANGE_LOOP_ANALYSIS = YES;
				CLANG_WARN_STRICT_PROTOTYPES = YES;
				CLANG_WARN_SUSPICIOUS_MOVE = YES;
				CLANG_WARN_UNGUARDED_AVAILABILITY = YES_AGGRESSIVE;
				CLANG_WARN_UNREACHABLE_CODE = YES;
				CLANG_WARN__DUPLICATE_METHOD_MATCH = YES;
				COPY_PHASE_STRIP = NO;
				DEBUG_INFORMATION_FORMAT = "dwarf-with-dsym";
				ENABLE_NS_ASSERTIONS = NO;
				ENABLE_STRICT_OBJC_MSGSEND = YES;
				GCC_C_LANGUAGE_STANDARD = gnu11;
				GCC_NO_COMMON_BLOCKS = YES;
				GCC_WARN_64_TO_32_BIT_CONVERSION = YES;
				GCC_WARN_ABOUT_RETURN_TYPE = YES_ERROR;
				GCC_WARN_UNDECLARED_SELECTOR = YES;
				GCC_WARN_UNINITIALIZED_AUTOS = YES_AGGRESSIVE;
				GCC_WARN_UNUSED_FUNCTION = YES;
				GCC_WARN_UNUSED_VARIABLE = YES;
				IPHONEOS_DEPLOYMENT_TARGET = 14.5;
				MTL_ENABLE_DEBUG_INFO = NO;
				MTL_FAST_MATH = YES;
				SDKROOT = iphoneos;
				SWIFT_COMPILATION_MODE = wholemodule;
				SWIFT_OPTIMIZATION_LEVEL = "-O";
				VALIDATE_PRODUCT = YES;
			};
			name = Release;
		};
		F369D1A126A4CC6B0099CE19 /* Debug */ = {
			isa = XCBuildConfiguration;
			buildSettings = {
				ASSETCATALOG_COMPILER_APPICON_NAME = AppIcon;
				ASSETCATALOG_COMPILER_GLOBAL_ACCENT_COLOR_NAME = AccentColor;
				CODE_SIGN_STYLE = Automatic;
				INFOPLIST_FILE = CafeApp/Info.plist;
				LD_RUNPATH_SEARCH_PATHS = (
					"$(inherited)",
					"@executable_path/Frameworks",
				);
				PRODUCT_BUNDLE_IDENTIFIER = com.hankoacademy.CafeApp;
				PRODUCT_NAME = "$(TARGET_NAME)";
				SWIFT_VERSION = 5.0;
				TARGETED_DEVICE_FAMILY = "1,2";
			};
			name = Debug;
		};
		F369D1A226A4CC6B0099CE19 /* Release */ = {
			isa = XCBuildConfiguration;
			buildSettings = {
				ASSETCATALOG_COMPILER_APPICON_NAME = AppIcon;
				ASSETCATALOG_COMPILER_GLOBAL_ACCENT_COLOR_NAME = AccentColor;
				CODE_SIGN_STYLE = Automatic;
				INFOPLIST_FILE = CafeApp/Info.plist;
				LD_RUNPATH_SEARCH_PATHS = (
					"$(inherited)",
					"@executable_path/Frameworks",
				);
				PRODUCT_BUNDLE_IDENTIFIER = com.hankoacademy.CafeApp;
				PRODUCT_NAME = "$(TARGET_NAME)";
				SWIFT_VERSION = 5.0;
				TARGETED_DEVICE_FAMILY = "1,2";
			};
			name = Release;
		};
/* End XCBuildConfiguration section */

/* Begin XCConfigurationList section */
		F369D18726A4CC6A0099CE19 /* Build configuration list for PBXProject "CafeApp" */ = {
			isa = XCConfigurationList;
			buildConfigurations = (
				F369D19E26A4CC6B0099CE19 /* Debug */,
				F369D19F26A4CC6B0099CE19 /* Release */,
			);
			defaultConfigurationIsVisible = 0;
			defaultConfigurationName = Release;
		};
		F369D1A026A4CC6B0099CE19 /* Build configuration list for PBXNativeTarget "CafeApp" */ = {
			isa = XCConfigurationList;
			buildConfigurations = (
				F369D1A126A4CC6B0099CE19 /* Debug */,
				F369D1A226A4CC6B0099CE19 /* Release */,
			);
			defaultConfigurationIsVisible = 0;
			defaultConfigurationName = Release;
		};
/* End XCConfigurationList section */
	};
	rootObject = F369D18426A4CC6A0099CE19 /* Project object */;
}
